
Microsoft Visual Studio Solution File, Format Version 12.00
# Visual Studio Version 17
VisualStudioVersion = 17.5.33530.505
MinimumVisualStudioVersion = 10.0.40219.1
Project("{FAE04EC0-301F-11D3-BF4B-00C04F79EFBC}") = "HayvanatBahçesiFormUygulaması", "HayvanatBahçesiFormUygulaması\HayvanatBahçesiFormUygulaması.csproj", "{04F9A854-C208-4D00-A0ED-4F5025ADD704}"
EndProject
Global
	GlobalSection(SolutionConfigurationPlatforms) = preSolution
		Debug|Any CPU = Debug|Any CPU
		Release|Any CPU = Release|Any CPU
	EndGlobalSection
	GlobalSection(ProjectConfigurationPlatforms) = postSolution
		{04F9A854-C208-4D00-A0ED-4F5025ADD704}.Debug|Any CPU.ActiveCfg = Debug|Any CPU
		{04F9A854-C208-4D00-A0ED-4F5025ADD704}.Debug|Any CPU.Build.0 = Debug|Any CPU
		{04F9A854-C208-4D00-A0ED-4F5025ADD704}.Release|Any CPU.ActiveCfg = Release|Any CPU
		{04F9A854-C208-4D00-A0ED-4F5025ADD704}.Release|Any CPU.Build.0 = Release|Any CPU
	EndGlobalSection
	GlobalSection(SolutionProperties) = preSolution
		HideSolutionNode = FALSE
	EndGlobalSection
	GlobalSection(ExtensibilityGlobals) = postSolution
		SolutionGuid = {959E59D4-EB98-4E6C-9F26-F4FF5F8BF8D4}
	EndGlobalSection
EndGlobal
